
Microsoft Visual Studio Solution File, Format Version 12.00
# Visual Studio 15
VisualStudioVersion = 15.0.28307.329
MinimumVisualStudioVersion = 10.0.40219.1
Project("{FAE04EC0-301F-11D3-BF4B-00C04F79EFBC}") = "Mutant", "Mutant\Mutant.csproj", "{8297E381-641B-4D6F-B585-7CD02586BB0C}"
EndProject
Project("{FAE04EC0-301F-11D3-BF4B-00C04F79EFBC}") = "MutantTests", "MutantTests\MutantTests.csproj", "{D76C2A8B-AF6C-433D-9F7A-35D4EFD03E3E}"
EndProject
Project("{2150E333-8FDC-42A3-9474-1A3956D46DE8}") = "Solution Items", "Solution Items", "{59FA1D09-095B-4C13-AE3C-35B14F8C1153}"
	ProjectSection(SolutionItems) = preProject
		.travis.yml = .travis.yml
	EndProjectSection
EndProject
Global
	GlobalSection(SolutionConfigurationPlatforms) = preSolution
		All|Any CPU = All|Any CPU
		Debug|Any CPU = Debug|Any CPU
		Release|Any CPU = Release|Any CPU
	EndGlobalSection
	GlobalSection(ProjectConfigurationPlatforms) = postSolution
		{8297E381-641B-4D6F-B585-7CD02586BB0C}.All|Any CPU.ActiveCfg = All|Any CPU
		{8297E381-641B-4D6F-B585-7CD02586BB0C}.All|Any CPU.Build.0 = All|Any CPU
		{8297E381-641B-4D6F-B585-7CD02586BB0C}.Debug|Any CPU.ActiveCfg = Debug|Any CPU
		{8297E381-641B-4D6F-B585-7CD02586BB0C}.Debug|Any CPU.Build.0 = Debug|Any CPU
		{8297E381-641B-4D6F-B585-7CD02586BB0C}.Release|Any CPU.ActiveCfg = Release|Any CPU
		{8297E381-641B-4D6F-B585-7CD02586BB0C}.Release|Any CPU.Build.0 = Release|Any CPU
		{D76C2A8B-AF6C-433D-9F7A-35D4EFD03E3E}.All|Any CPU.ActiveCfg = Release|Any CPU
		{D76C2A8B-AF6C-433D-9F7A-35D4EFD03E3E}.All|Any CPU.Build.0 = Release|Any CPU
		{D76C2A8B-AF6C-433D-9F7A-35D4EFD03E3E}.Debug|Any CPU.ActiveCfg = Debug|Any CPU
		{D76C2A8B-AF6C-433D-9F7A-35D4EFD03E3E}.Debug|Any CPU.Build.0 = Debug|Any CPU
		{D76C2A8B-AF6C-433D-9F7A-35D4EFD03E3E}.Release|Any CPU.ActiveCfg = Release|Any CPU
		{D76C2A8B-AF6C-433D-9F7A-35D4EFD03E3E}.Release|Any CPU.Build.0 = Release|Any CPU
	EndGlobalSection
	GlobalSection(SolutionProperties) = preSolution
		HideSolutionNode = FALSE
	EndGlobalSection
	GlobalSection(ExtensibilityGlobals) = postSolution
		SolutionGuid = {95C084B0-D14D-4914-AF02-A786B371CD89}
	EndGlobalSection
EndGlobal
